
Microsoft Visual Studio Solution File, Format Version 12.00
# Visual Studio Version 17
VisualStudioVersion = 17.0.32014.148
MinimumVisualStudioVersion = 10.0.40219.1
Project("{FAE04EC0-301F-11D3-BF4B-00C04F79EFBC}") = "shmotcin", "shmotcin\shmotcin.csproj", "{00DA5B26-9563-4464-889B-6397985B1B92}"
EndProject
Global
	GlobalSection(SolutionConfigurationPlatforms) = preSolution
		Debug|Any CPU = Debug|Any CPU
		Release|Any CPU = Release|Any CPU
	EndGlobalSection
	GlobalSection(ProjectConfigurationPlatforms) = postSolution
		{00DA5B26-9563-4464-889B-6397985B1B92}.Debug|Any CPU.ActiveCfg = Debug|Any CPU
		{00DA5B26-9563-4464-889B-6397985B1B92}.Debug|Any CPU.Build.0 = Debug|Any CPU
		{00DA5B26-9563-4464-889B-6397985B1B92}.Release|Any CPU.ActiveCfg = Release|Any CPU
		{00DA5B26-9563-4464-889B-6397985B1B92}.Release|Any CPU.Build.0 = Release|Any CPU
	EndGlobalSection
	GlobalSection(SolutionProperties) = preSolution
		HideSolutionNode = FALSE
	EndGlobalSection
	GlobalSection(ExtensibilityGlobals) = postSolution
		SolutionGuid = {0714F4E3-F74F-4283-979D-289959667CBE}
	EndGlobalSection
EndGlobal
